{
  "name": "hubot-uapanfw",
  "version": "0.0.1",
  "lockfileVersion": 1,
  "requires": true,
  "dependencies": {
    "cidr-matcher": {
      "version": "1.0.5",
      "resolved": "https://registry.npmjs.org/cidr-matcher/-/cidr-matcher-1.0.5.tgz",
      "integrity": "sha1-GAXkl1G+j8gnmnM1VXTjHJ9JZms=",
      "requires": {
        "ip": "1.1.5"
      }
    },
    "ip": {
      "version": "1.1.5",
      "resolved": "https://registry.npmjs.org/ip/-/ip-1.1.5.tgz",
      "integrity": "sha1-vd7XARQpCCjAoDnnLvJfWq7ENUo="
    }
  }
}
